
Microsoft Visual Studio Solution File, Format Version 12.00
# Visual Studio Version 17
VisualStudioVersion = 17.8.34227.203
MinimumVisualStudioVersion = 10.0.40219.1
Project("{FAE04EC0-301F-11D3-BF4B-00C04F79EFBC}") = "TicketApp", "TicketApp\TicketApp.csproj", "{ED3381ED-D36D-40B2-9C55-A4573DF5E7FA}"
EndProject
Global
	GlobalSection(SolutionConfigurationPlatforms) = preSolution
		Debug|Any CPU = Debug|Any CPU
		Release|Any CPU = Release|Any CPU
	EndGlobalSection
	GlobalSection(ProjectConfigurationPlatforms) = postSolution
		{ED3381ED-D36D-40B2-9C55-A4573DF5E7FA}.Debug|Any CPU.ActiveCfg = Debug|Any CPU
		{ED3381ED-D36D-40B2-9C55-A4573DF5E7FA}.Debug|Any CPU.Build.0 = Debug|Any CPU
		{ED3381ED-D36D-40B2-9C55-A4573DF5E7FA}.Release|Any CPU.ActiveCfg = Release|Any CPU
		{ED3381ED-D36D-40B2-9C55-A4573DF5E7FA}.Release|Any CPU.Build.0 = Release|Any CPU
	EndGlobalSection
	GlobalSection(SolutionProperties) = preSolution
		HideSolutionNode = FALSE
	EndGlobalSection
	GlobalSection(ExtensibilityGlobals) = postSolution
		SolutionGuid = {4ED2A19A-870C-4AB3-A666-76FE9ED79AEE}
	EndGlobalSection
EndGlobal
